// !$*UTF8*$!
{
	archiveVersion = 1;
	classes = {
	};
	objectVersion = 56;
	objects = {

/* Begin PBXBuildFile section */
		421134DD2C215F140081BDEB /* GalleryApp_Navigation.h in Headers */ = {isa = PBXBuildFile; fileRef = 421134DC2C215F140081BDEB /* GalleryApp_Navigation.h */; settings = {ATTRIBUTES = (Public, ); }; };
		421134E52C215F530081BDEB /* Factory in Frameworks */ = {isa = PBXBuildFile; productRef = 421134E42C215F530081BDEB /* Factory */; };
		421134F02C215F970081BDEB /* CoordinatorDependencies.swift in Sources */ = {isa = PBXBuildFile; fileRef = 421134E92C215F970081BDEB /* CoordinatorDependencies.swift */; };
		421134F12C215F970081BDEB /* CoordinatorFlowListener.swift in Sources */ = {isa = PBXBuildFile; fileRef = 421134EA2C215F970081BDEB /* CoordinatorFlowListener.swift */; };
		421134F22C215F970081BDEB /* DefaultCoordinatorDependencies.swift in Sources */ = {isa = PBXBuildFile; fileRef = 421134EB2C215F970081BDEB /* DefaultCoordinatorDependencies.swift */; };
		421134F42C215F970081BDEB /* NavigationCoordinator.swift in Sources */ = {isa = PBXBuildFile; fileRef = 421134ED2C215F970081BDEB /* NavigationCoordinator.swift */; };
		421134F52C215F970081BDEB /* AppCoordinator.swift in Sources */ = {isa = PBXBuildFile; fileRef = 421134EE2C215F970081BDEB /* AppCoordinator.swift */; };
		421134F62C215F970081BDEB /* Coordinator.swift in Sources */ = {isa = PBXBuildFile; fileRef = 421134EF2C215F970081BDEB /* Coordinator.swift */; };
		421134F82C2160430081BDEB /* Navigation+Injection.swift in Sources */ = {isa = PBXBuildFile; fileRef = 421134F72C2160430081BDEB /* Navigation+Injection.swift */; };
		421135282C21902D0081BDEB /* GalleryNavigationController.swift in Sources */ = {isa = PBXBuildFile; fileRef = 421135272C21902D0081BDEB /* GalleryNavigationController.swift */; };
		421135302C21B84D0081BDEB /* GalleryNavigationCoordinatorInterface.swift in Sources */ = {isa = PBXBuildFile; fileRef = 4211352F2C21B84D0081BDEB /* GalleryNavigationCoordinatorInterface.swift */; };
/* End PBXBuildFile section */

/* Begin PBXFileReference section */
		421134D92C215F140081BDEB /* GalleryApp_Navigation.framework */ = {isa = PBXFileReference; explicitFileType = wrapper.framework; includeInIndex = 0; path = GalleryApp_Navigation.framework; sourceTree = BUILT_PRODUCTS_DIR; };
		421134DC2C215F140081BDEB /* GalleryApp_Navigation.h */ = {isa = PBXFileReference; lastKnownFileType = sourcecode.c.h; path = GalleryApp_Navigation.h; sourceTree = "<group>"; };
		421134E92C215F970081BDEB /* CoordinatorDependencies.swift */ = {isa = PBXFileReference; fileEncoding = 4; lastKnownFileType = sourcecode.swift; path = CoordinatorDependencies.swift; sourceTree = "<group>"; };
		421134EA2C215F970081BDEB /* CoordinatorFlowListener.swift */ = {isa = PBXFileReference; fileEncoding = 4; lastKnownFileType = sourcecode.swift; path = CoordinatorFlowListener.swift; sourceTree = "<group>"; };
		421134EB2C215F970081BDEB /* DefaultCoordinatorDependencies.swift */ = {isa = PBXFileReference; fileEncoding = 4; lastKnownFileType = sourcecode.swift; path = DefaultCoordinatorDependencies.swift; sourceTree = "<group>"; };
		421134ED2C215F970081BDEB /* NavigationCoordinator.swift */ = {isa = PBXFileReference; fileEncoding = 4; lastKnownFileType = sourcecode.swift; path = NavigationCoordinator.swift; sourceTree = "<group>"; };
		421134EE2C215F970081BDEB /* AppCoordinator.swift */ = {isa = PBXFileReference; fileEncoding = 4; lastKnownFileType = sourcecode.swift; path = AppCoordinator.swift; sourceTree = "<group>"; };
		421134EF2C215F970081BDEB /* Coordinator.swift */ = {isa = PBXFileReference; fileEncoding = 4; lastKnownFileType = sourcecode.swift; path = Coordinator.swift; sourceTree = "<group>"; };
		421134F72C2160430081BDEB /* Navigation+Injection.swift */ = {isa = PBXFileReference; lastKnownFileType = sourcecode.swift; path = "Navigation+Injection.swift"; sourceTree = "<group>"; };
		421135102C216A4E0081BDEB /* GalleryApp_Core.framework */ = {isa = PBXFileReference; explicitFileType = wrapper.framework; path = GalleryApp_Core.framework; sourceTree = BUILT_PRODUCTS_DIR; };
		421135272C21902D0081BDEB /* GalleryNavigationController.swift */ = {isa = PBXFileReference; lastKnownFileType = sourcecode.swift; path = GalleryNavigationController.swift; sourceTree = "<group>"; };
		4211352B2C21B7BD0081BDEB /* GalleryApp_CoreData.framework */ = {isa = PBXFileReference; explicitFileType = wrapper.framework; path = GalleryApp_CoreData.framework; sourceTree = BUILT_PRODUCTS_DIR; };
		4211352F2C21B84D0081BDEB /* GalleryNavigationCoordinatorInterface.swift */ = {isa = PBXFileReference; lastKnownFileType = sourcecode.swift; path = GalleryNavigationCoordinatorInterface.swift; sourceTree = "<group>"; };
/* End PBXFileReference section */

/* Begin PBXFrameworksBuildPhase section */
		421134D62C215F140081BDEB /* Frameworks */ = {
			isa = PBXFrameworksBuildPhase;
			buildActionMask = 2147483647;
			files = (
				421134E52C215F530081BDEB /* Factory in Frameworks */,
			);
			runOnlyForDeploymentPostprocessing = 0;
		};
/* End PBXFrameworksBuildPhase section */

/* Begin PBXGroup section */
		421134CF2C215F140081BDEB = {
			isa = PBXGroup;
			children = (
				421134DB2C215F140081BDEB /* GalleryApp-Navigation */,
				421134DA2C215F140081BDEB /* Products */,
				4211350F2C216A4E0081BDEB /* Frameworks */,
			);
			sourceTree = "<group>";
		};
		421134DA2C215F140081BDEB /* Products */ = {
			isa = PBXGroup;
			children = (
				421134D92C215F140081BDEB /* GalleryApp_Navigation.framework */,
			);
			name = Products;
			sourceTree = "<group>";
		};
		421134DB2C215F140081BDEB /* GalleryApp-Navigation */ = {
			isa = PBXGroup;
			children = (
				421134E82C215F770081BDEB /* DI */,
				421134E72C215F710081BDEB /* Sources */,
				421134E62C215F660081BDEB /* SupportingFiles */,
			);
			path = "GalleryApp-Navigation";
			sourceTree = "<group>";
		};
		421134E62C215F660081BDEB /* SupportingFiles */ = {
			isa = PBXGroup;
			children = (
				421134DC2C215F140081BDEB /* GalleryApp_Navigation.h */,
			);
			path = SupportingFiles;
			sourceTree = "<group>";
		};
		421134E72C215F710081BDEB /* Sources */ = {
			isa = PBXGroup;
			children = (
				421135182C2177B00081BDEB /* Class */,
				421135172C2177AB0081BDEB /* Interface */,
			);
			path = Sources;
			sourceTree = "<group>";
		};
		421134E82C215F770081BDEB /* DI */ = {
			isa = PBXGroup;
			children = (
				421134F72C2160430081BDEB /* Navigation+Injection.swift */,
			);
			path = DI;
			sourceTree = "<group>";
		};
		4211350F2C216A4E0081BDEB /* Frameworks */ = {
			isa = PBXGroup;
			children = (
				4211352B2C21B7BD0081BDEB /* GalleryApp_CoreData.framework */,
				421135102C216A4E0081BDEB /* GalleryApp_Core.framework */,
			);
			name = Frameworks;
			sourceTree = "<group>";
		};
		421135172C2177AB0081BDEB /* Interface */ = {
			isa = PBXGroup;
			children = (
				421134EF2C215F970081BDEB /* Coordinator.swift */,
				4211352F2C21B84D0081BDEB /* GalleryNavigationCoordinatorInterface.swift */,
				421134E92C215F970081BDEB /* CoordinatorDependencies.swift */,
				421134EA2C215F970081BDEB /* CoordinatorFlowListener.swift */,
			);
			path = Interface;
			sourceTree = "<group>";
		};
		421135182C2177B00081BDEB /* Class */ = {
			isa = PBXGroup;
			children = (
				421134ED2C215F970081BDEB /* NavigationCoordinator.swift */,
				421134EE2C215F970081BDEB /* AppCoordinator.swift */,
				421135272C21902D0081BDEB /* GalleryNavigationController.swift */,
				421134EB2C215F970081BDEB /* DefaultCoordinatorDependencies.swift */,
			);
			path = Class;
			sourceTree = "<group>";
		};
/* End PBXGroup section */

/* Begin PBXHeadersBuildPhase section */
		421134D42C215F140081BDEB /* Headers */ = {
			isa = PBXHeadersBuildPhase;
			buildActionMask = 2147483647;
			files = (
				421134DD2C215F140081BDEB /* GalleryApp_Navigation.h in Headers */,
			);
			runOnlyForDeploymentPostprocessing = 0;
		};
/* End PBXHeadersBuildPhase section */

/* Begin PBXNativeTarget section */
		421134D82C215F140081BDEB /* GalleryApp-Navigation */ = {
			isa = PBXNativeTarget;
			buildConfigurationList = 421134E02C215F140081BDEB /* Build configuration list for PBXNativeTarget "GalleryApp-Navigation" */;
			buildPhases = (
				421134D42C215F140081BDEB /* Headers */,
				421134D52C215F140081BDEB /* Sources */,
				421134D62C215F140081BDEB /* Frameworks */,
				421134D72C215F140081BDEB /* Resources */,
			);
			buildRules = (
			);
			dependencies = (
			);
			name = "GalleryApp-Navigation";
			packageProductDependencies = (
				421134E42C215F530081BDEB /* Factory */,
			);
			productName = "GalleryApp-Navigation";
			productReference = 421134D92C215F140081BDEB /* GalleryApp_Navigation.framework */;
			productType = "com.apple.product-type.framework";
		};
/* End PBXNativeTarget section */

/* Begin PBXProject section */
		421134D02C215F140081BDEB /* Project object */ = {
			isa = PBXProject;
			attributes = {
				BuildIndependentTargetsInParallel = 1;
				LastUpgradeCheck = 1540;
				TargetAttributes = {
					421134D82C215F140081BDEB = {
						CreatedOnToolsVersion = 15.4;
					};
				};
			};
			buildConfigurationList = 421134D32C215F140081BDEB /* Build configuration list for PBXProject "GalleryApp-Navigation" */;
			compatibilityVersion = "Xcode 14.0";
			developmentRegion = en;
			hasScannedForEncodings = 0;
			knownRegions = (
				en,
				Base,
			);
			mainGroup = 421134CF2C215F140081BDEB;
			packageReferences = (
				421134E32C215F530081BDEB /* XCRemoteSwiftPackageReference "Factory" */,
			);
			productRefGroup = 421134DA2C215F140081BDEB /* Products */;
			projectDirPath = "";
			projectRoot = "";
			targets = (
				421134D82C215F140081BDEB /* GalleryApp-Navigation */,
			);
		};
/* End PBXProject section */

/* Begin PBXResourcesBuildPhase section */
		421134D72C215F140081BDEB /* Resources */ = {
			isa = PBXResourcesBuildPhase;
			buildActionMask = 2147483647;
			files = (
			);
			runOnlyForDeploymentPostprocessing = 0;
		};
/* End PBXResourcesBuildPhase section */

/* Begin PBXSourcesBuildPhase section */
		421134D52C215F140081BDEB /* Sources */ = {
			isa = PBXSourcesBuildPhase;
			buildActionMask = 2147483647;
			files = (
				421135282C21902D0081BDEB /* GalleryNavigationController.swift in Sources */,
				421134F52C215F970081BDEB /* AppCoordinator.swift in Sources */,
				421134F12C215F970081BDEB /* CoordinatorFlowListener.swift in Sources */,
				421134F02C215F970081BDEB /* CoordinatorDependencies.swift in Sources */,
				421135302C21B84D0081BDEB /* GalleryNavigationCoordinatorInterface.swift in Sources */,
				421134F82C2160430081BDEB /* Navigation+Injection.swift in Sources */,
				421134F22C215F970081BDEB /* DefaultCoordinatorDependencies.swift in Sources */,
				421134F42C215F970081BDEB /* NavigationCoordinator.swift in Sources */,
				421134F62C215F970081BDEB /* Coordinator.swift in Sources */,
			);
			runOnlyForDeploymentPostprocessing = 0;
		};
/* End PBXSourcesBuildPhase section */

/* Begin XCBuildConfiguration section */
		421134DE2C215F140081BDEB /* Debug */ = {
			isa = XCBuildConfiguration;
			buildSettings = {
				ALWAYS_SEARCH_USER_PATHS = NO;
				ASSETCATALOG_COMPILER_GENERATE_SWIFT_ASSET_SYMBOL_EXTENSIONS = YES;
				CLANG_ANALYZER_NONNULL = YES;
				CLANG_ANALYZER_NUMBER_OBJECT_CONVERSION = YES_AGGRESSIVE;
				CLANG_CXX_LANGUAGE_STANDARD = "gnu++20";
				CLANG_ENABLE_MODULES = YES;
				CLANG_ENABLE_OBJC_ARC = YES;
				CLANG_ENABLE_OBJC_WEAK = YES;
				CLANG_WARN_BLOCK_CAPTURE_AUTORELEASING = YES;
				CLANG_WARN_BOOL_CONVERSION = YES;
				CLANG_WARN_COMMA = YES;
				CLANG_WARN_CONSTANT_CONVERSION = YES;
				CLANG_WARN_DEPRECATED_OBJC_IMPLEMENTATIONS = YES;
				CLANG_WARN_DIRECT_OBJC_ISA_USAGE = YES_ERROR;
				CLANG_WARN_DOCUMENTATION_COMMENTS = YES;
				CLANG_WARN_EMPTY_BODY = YES;
				CLANG_WARN_ENUM_CONVERSION = YES;
				CLANG_WARN_INFINITE_RECURSION = YES;
				CLANG_WARN_INT_CONVERSION = YES;
				CLANG_WARN_NON_LITERAL_NULL_CONVERSION = YES;
				CLANG_WARN_OBJC_IMPLICIT_RETAIN_SELF = YES;
				CLANG_WARN_OBJC_LITERAL_CONVERSION = YES;
				CLANG_WARN_OBJC_ROOT_CLASS = YES_ERROR;
				CLANG_WARN_QUOTED_INCLUDE_IN_FRAMEWORK_HEADER = YES;
				CLANG_WARN_RANGE_LOOP_ANALYSIS = YES;
				CLANG_WARN_STRICT_PROTOTYPES = YES;
				CLANG_WARN_SUSPICIOUS_MOVE = YES;
				CLANG_WARN_UNGUARDED_AVAILABILITY = YES_AGGRESSIVE;
				CLANG_WARN_UNREACHABLE_CODE = YES;
				CLANG_WARN__DUPLICATE_METHOD_MATCH = YES;
				COPY_PHASE_STRIP = NO;
				CURRENT_PROJECT_VERSION = 1;
				DEBUG_INFORMATION_FORMAT = dwarf;
				ENABLE_STRICT_OBJC_MSGSEND = YES;
				ENABLE_TESTABILITY = YES;
				ENABLE_USER_SCRIPT_SANDBOXING = YES;
				GCC_C_LANGUAGE_STANDARD = gnu17;
				GCC_DYNAMIC_NO_PIC = NO;
				GCC_NO_COMMON_BLOCKS = YES;
				GCC_OPTIMIZATION_LEVEL = 0;
				GCC_PREPROCESSOR_DEFINITIONS = (
					"DEBUG=1",
					"$(inherited)",
				);
				GCC_WARN_64_TO_32_BIT_CONVERSION = YES;
				GCC_WARN_ABOUT_RETURN_TYPE = YES_ERROR;
				GCC_WARN_UNDECLARED_SELECTOR = YES;
				GCC_WARN_UNINITIALIZED_AUTOS = YES_AGGRESSIVE;
				GCC_WARN_UNUSED_FUNCTION = YES;
				GCC_WARN_UNUSED_VARIABLE = YES;
				IPHONEOS_DEPLOYMENT_TARGET = 15.0;
				LOCALIZATION_PREFERS_STRING_CATALOGS = YES;
				MTL_ENABLE_DEBUG_INFO = INCLUDE_SOURCE;
				MTL_FAST_MATH = YES;
				ONLY_ACTIVE_ARCH = YES;
				SDKROOT = iphoneos;
				SWIFT_ACTIVE_COMPILATION_CONDITIONS = "DEBUG $(inherited)";
				SWIFT_OPTIMIZATION_LEVEL = "-Onone";
				VERSIONING_SYSTEM = "apple-generic";
				VERSION_INFO_PREFIX = "";
			};
			name = Debug;
		};
		421134DF2C215F140081BDEB /* Release */ = {
			isa = XCBuildConfiguration;
			buildSettings = {
				ALWAYS_SEARCH_USER_PATHS = NO;
				ASSETCATALOG_COMPILER_GENERATE_SWIFT_ASSET_SYMBOL_EXTENSIONS = YES;
				CLANG_ANALYZER_NONNULL = YES;
				CLANG_ANALYZER_NUMBER_OBJECT_CONVERSION = YES_AGGRESSIVE;
				CLANG_CXX_LANGUAGE_STANDARD = "gnu++20";
				CLANG_ENABLE_MODULES = YES;
				CLANG_ENABLE_OBJC_ARC = YES;
				CLANG_ENABLE_OBJC_WEAK = YES;
				CLANG_WARN_BLOCK_CAPTURE_AUTORELEASING = YES;
				CLANG_WARN_BOOL_CONVERSION = YES;
				CLANG_WARN_COMMA = YES;
				CLANG_WARN_CONSTANT_CONVERSION = YES;
				CLANG_WARN_DEPRECATED_OBJC_IMPLEMENTATIONS = YES;
				CLANG_WARN_DIRECT_OBJC_ISA_USAGE = YES_ERROR;
				CLANG_WARN_DOCUMENTATION_COMMENTS = YES;
				CLANG_WARN_EMPTY_BODY = YES;
				CLANG_WARN_ENUM_CONVERSION = YES;
				CLANG_WARN_INFINITE_RECURSION = YES;
				CLANG_WARN_INT_CONVERSION = YES;
				CLANG_WARN_NON_LITERAL_NULL_CONVERSION = YES;
				CLANG_WARN_OBJC_IMPLICIT_RETAIN_SELF = YES;
				CLANG_WARN_OBJC_LITERAL_CONVERSION = YES;
				CLANG_WARN_OBJC_ROOT_CLASS = YES_ERROR;
				CLANG_WARN_QUOTED_INCLUDE_IN_FRAMEWORK_HEADER = YES;
				CLANG_WARN_RANGE_LOOP_ANALYSIS = YES;
				CLANG_WARN_STRICT_PROTOTYPES = YES;
				CLANG_WARN_SUSPICIOUS_MOVE = YES;
				CLANG_WARN_UNGUARDED_AVAILABILITY = YES_AGGRESSIVE;
				CLANG_WARN_UNREACHABLE_CODE = YES;
				CLANG_WARN__DUPLICATE_METHOD_MATCH = YES;
				COPY_PHASE_STRIP = NO;
				CURRENT_PROJECT_VERSION = 1;
				DEBUG_INFORMATION_FORMAT = "dwarf-with-dsym";
				ENABLE_NS_ASSERTIONS = NO;
				ENABLE_STRICT_OBJC_MSGSEND = YES;
				ENABLE_USER_SCRIPT_SANDBOXING = YES;
				GCC_C_LANGUAGE_STANDARD = gnu17;
				GCC_NO_COMMON_BLOCKS = YES;
				GCC_WARN_64_TO_32_BIT_CONVERSION = YES;
				GCC_WARN_ABOUT_RETURN_TYPE = YES_ERROR;
				GCC_WARN_UNDECLARED_SELECTOR = YES;
				GCC_WARN_UNINITIALIZED_AUTOS = YES_AGGRESSIVE;
				GCC_WARN_UNUSED_FUNCTION = YES;
				GCC_WARN_UNUSED_VARIABLE = YES;
				IPHONEOS_DEPLOYMENT_TARGET = 15.0;
				LOCALIZATION_PREFERS_STRING_CATALOGS = YES;
				MTL_ENABLE_DEBUG_INFO = NO;
				MTL_FAST_MATH = YES;
				SDKROOT = iphoneos;
				SWIFT_COMPILATION_MODE = wholemodule;
				VALIDATE_PRODUCT = YES;
				VERSIONING_SYSTEM = "apple-generic";
				VERSION_INFO_PREFIX = "";
			};
			name = Release;
		};
		421134E12C215F140081BDEB /* Debug */ = {
			isa = XCBuildConfiguration;
			buildSettings = {
				BUILD_LIBRARY_FOR_DISTRIBUTION = NO;
				CODE_SIGN_STYLE = Automatic;
				CURRENT_PROJECT_VERSION = 1;
				DEFINES_MODULE = YES;
				DEVELOPMENT_TEAM = 5C3RTUTT2M;
				DYLIB_COMPATIBILITY_VERSION = 1;
				DYLIB_CURRENT_VERSION = 1;
				DYLIB_INSTALL_NAME_BASE = "@rpath";
				ENABLE_MODULE_VERIFIER = YES;
				GENERATE_INFOPLIST_FILE = YES;
				INFOPLIST_KEY_NSHumanReadableCopyright = "";
				INSTALL_PATH = "$(LOCAL_LIBRARY_DIR)/Frameworks";
				IPHONEOS_DEPLOYMENT_TARGET = 15.0;
				LD_RUNPATH_SEARCH_PATHS = (
					"$(inherited)",
					"@executable_path/Frameworks",
					"@loader_path/Frameworks",
				);
				MARKETING_VERSION = 1.0;
				MODULE_VERIFIER_SUPPORTED_LANGUAGES = "objective-c objective-c++";
				MODULE_VERIFIER_SUPPORTED_LANGUAGE_STANDARDS = "gnu17 gnu++20";
				PRODUCT_BUNDLE_IDENTIFIER = "alexander-sivko.GalleryApp-Navigation";
				PRODUCT_NAME = "$(TARGET_NAME:c99extidentifier)";
				SKIP_INSTALL = YES;
				SUPPORTED_PLATFORMS = "iphoneos iphonesimulator";
				SUPPORTS_MACCATALYST = NO;
				SUPPORTS_MAC_DESIGNED_FOR_IPHONE_IPAD = NO;
				SUPPORTS_XR_DESIGNED_FOR_IPHONE_IPAD = NO;
				SWIFT_EMIT_LOC_STRINGS = YES;
				SWIFT_INSTALL_OBJC_HEADER = NO;
				SWIFT_VERSION = 5.0;
				TARGETED_DEVICE_FAMILY = "1,2";
			};
			name = Debug;
		};
		421134E22C215F140081BDEB /* Release */ = {
			isa = XCBuildConfiguration;
			buildSettings = {
				BUILD_LIBRARY_FOR_DISTRIBUTION = NO;
				CODE_SIGN_STYLE = Automatic;
				CURRENT_PROJECT_VERSION = 1;
				DEFINES_MODULE = YES;
				DEVELOPMENT_TEAM = 5C3RTUTT2M;
				DYLIB_COMPATIBILITY_VERSION = 1;
				DYLIB_CURRENT_VERSION = 1;
				DYLIB_INSTALL_NAME_BASE = "@rpath";
				ENABLE_MODULE_VERIFIER = YES;
				GENERATE_INFOPLIST_FILE = YES;
				INFOPLIST_KEY_NSHumanReadableCopyright = "";
				INSTALL_PATH = "$(LOCAL_LIBRARY_DIR)/Frameworks";
				IPHONEOS_DEPLOYMENT_TARGET = 15.0;
				LD_RUNPATH_SEARCH_PATHS = (
					"$(inherited)",
					"@executable_path/Frameworks",
					"@loader_path/Frameworks",
				);
				MARKETING_VERSION = 1.0;
				MODULE_VERIFIER_SUPPORTED_LANGUAGES = "objective-c objective-c++";
				MODULE_VERIFIER_SUPPORTED_LANGUAGE_STANDARDS = "gnu17 gnu++20";
				PRODUCT_BUNDLE_IDENTIFIER = "alexander-sivko.GalleryApp-Navigation";
				PRODUCT_NAME = "$(TARGET_NAME:c99extidentifier)";
				SKIP_INSTALL = YES;
				SUPPORTED_PLATFORMS = "iphoneos iphonesimulator";
				SUPPORTS_MACCATALYST = NO;
				SUPPORTS_MAC_DESIGNED_FOR_IPHONE_IPAD = NO;
				SUPPORTS_XR_DESIGNED_FOR_IPHONE_IPAD = NO;
				SWIFT_EMIT_LOC_STRINGS = YES;
				SWIFT_INSTALL_OBJC_HEADER = NO;
				SWIFT_VERSION = 5.0;
				TARGETED_DEVICE_FAMILY = "1,2";
			};
			name = Release;
		};
/* End XCBuildConfiguration section */

/* Begin XCConfigurationList section */
		421134D32C215F140081BDEB /* Build configuration list for PBXProject "GalleryApp-Navigation" */ = {
			isa = XCConfigurationList;
			buildConfigurations = (
				421134DE2C215F140081BDEB /* Debug */,
				421134DF2C215F140081BDEB /* Release */,
			);
			defaultConfigurationIsVisible = 0;
			defaultConfigurationName = Release;
		};
		421134E02C215F140081BDEB /* Build configuration list for PBXNativeTarget "GalleryApp-Navigation" */ = {
			isa = XCConfigurationList;
			buildConfigurations = (
				421134E12C215F140081BDEB /* Debug */,
				421134E22C215F140081BDEB /* Release */,
			);
			defaultConfigurationIsVisible = 0;
			defaultConfigurationName = Release;
		};
/* End XCConfigurationList section */

/* Begin XCRemoteSwiftPackageReference section */
		421134E32C215F530081BDEB /* XCRemoteSwiftPackageReference "Factory" */ = {
			isa = XCRemoteSwiftPackageReference;
			repositoryURL = "https://github.com/hmlongco/Factory";
			requirement = {
				kind = upToNextMajorVersion;
				minimumVersion = 2.3.2;
			};
		};
/* End XCRemoteSwiftPackageReference section */

/* Begin XCSwiftPackageProductDependency section */
		421134E42C215F530081BDEB /* Factory */ = {
			isa = XCSwiftPackageProductDependency;
			package = 421134E32C215F530081BDEB /* XCRemoteSwiftPackageReference "Factory" */;
			productName = Factory;
		};
/* End XCSwiftPackageProductDependency section */
	};
	rootObject = 421134D02C215F140081BDEB /* Project object */;
}
