// !$*UTF8*$!
{
	archiveVersion = 1;
	classes = {
	};
	objectVersion = 56;
	objects = {

/* Begin PBXBuildFile section */
		421163C92C1B136C00FC099D /* GalleryApp_ImageDescription.h in Headers */ = {isa = PBXBuildFile; fileRef = 421163C82C1B136C00FC099D /* GalleryApp_ImageDescription.h */; settings = {ATTRIBUTES = (Public, ); }; };
		42561EBE2C1DBB140059A333 /* ImageDescriptionView.swift in Sources */ = {isa = PBXBuildFile; fileRef = 42561EBD2C1DBB140059A333 /* ImageDescriptionView.swift */; };
		42561EC12C1DBB330059A333 /* Kingfisher in Frameworks */ = {isa = PBXBuildFile; productRef = 42561EC02C1DBB330059A333 /* Kingfisher */; };
		42561EC42C1DBB390059A333 /* Factory in Frameworks */ = {isa = PBXBuildFile; productRef = 42561EC32C1DBB390059A333 /* Factory */; };
		42561EC72C1DBC9E0059A333 /* GalleryApp_Models.framework in Frameworks */ = {isa = PBXBuildFile; fileRef = 42561EC62C1DBC9E0059A333 /* GalleryApp_Models.framework */; };
		42561ECC2C1DC46C0059A333 /* SUIPageControl.swift in Sources */ = {isa = PBXBuildFile; fileRef = 42561ECB2C1DC46C0059A333 /* SUIPageControl.swift */; };
		42561ED62C1DD4180059A333 /* ImageDescriptionViewModel.swift in Sources */ = {isa = PBXBuildFile; fileRef = 42561ED52C1DD4180059A333 /* ImageDescriptionViewModel.swift */; };
		42561ED82C1DD4610059A333 /* GalleryApp_Core.framework in Frameworks */ = {isa = PBXBuildFile; fileRef = 42561ED72C1DD4610059A333 /* GalleryApp_Core.framework */; };
		42561EDB2C1DD4F20059A333 /* ImageDescription+Injection.swift in Sources */ = {isa = PBXBuildFile; fileRef = 42561EDA2C1DD4F20059A333 /* ImageDescription+Injection.swift */; };
		42561EDD2C1DD5160059A333 /* ImageDescriptionContainer.swift in Sources */ = {isa = PBXBuildFile; fileRef = 42561EDC2C1DD5160059A333 /* ImageDescriptionContainer.swift */; };
		42561EDF2C1DDB030059A333 /* GetImagesUseCase.swift in Sources */ = {isa = PBXBuildFile; fileRef = 42561EDE2C1DDB030059A333 /* GetImagesUseCase.swift */; };
		42561EE32C1DDB330059A333 /* ImageDescriptionRepository.swift in Sources */ = {isa = PBXBuildFile; fileRef = 42561EE22C1DDB330059A333 /* ImageDescriptionRepository.swift */; };
		42561EE62C1DDBA40059A333 /* DefaultImageDescriptionRepository.swift in Sources */ = {isa = PBXBuildFile; fileRef = 42561EE52C1DDBA40059A333 /* DefaultImageDescriptionRepository.swift */; };
		42561EE92C1DDC430059A333 /* CombineMoya in Frameworks */ = {isa = PBXBuildFile; productRef = 42561EE82C1DDC430059A333 /* CombineMoya */; };
		42561EEB2C1DDC430059A333 /* Moya in Frameworks */ = {isa = PBXBuildFile; productRef = 42561EEA2C1DDC430059A333 /* Moya */; };
		42561EF02C1DDC930059A333 /* GetImagesDTOToDomainMapper.swift in Sources */ = {isa = PBXBuildFile; fileRef = 42561EEF2C1DDC930059A333 /* GetImagesDTOToDomainMapper.swift */; };
		42561EF22C1DDCBB0059A333 /* ImageDescriptionDataSource.swift in Sources */ = {isa = PBXBuildFile; fileRef = 42561EF12C1DDCBB0059A333 /* ImageDescriptionDataSource.swift */; };
		42561EF42C1DDCCC0059A333 /* DefaultImageDescriptionDataSource.swift in Sources */ = {isa = PBXBuildFile; fileRef = 42561EF32C1DDCCC0059A333 /* DefaultImageDescriptionDataSource.swift */; };
		42561EF62C1DDCF90059A333 /* GalleryApp_Network.framework in Frameworks */ = {isa = PBXBuildFile; fileRef = 42561EF52C1DDCF90059A333 /* GalleryApp_Network.framework */; };
		42561EFB2C1DDD1C0059A333 /* GetImagesRequest.swift in Sources */ = {isa = PBXBuildFile; fileRef = 42561EFA2C1DDD1C0059A333 /* GetImagesRequest.swift */; };
		42561EFD2C1DDD3A0059A333 /* GetImagesTarget.swift in Sources */ = {isa = PBXBuildFile; fileRef = 42561EFC2C1DDD3A0059A333 /* GetImagesTarget.swift */; };
/* End PBXBuildFile section */

/* Begin PBXFileReference section */
		421163C52C1B136C00FC099D /* GalleryApp_ImageDescription.framework */ = {isa = PBXFileReference; explicitFileType = wrapper.framework; includeInIndex = 0; path = GalleryApp_ImageDescription.framework; sourceTree = BUILT_PRODUCTS_DIR; };
		421163C82C1B136C00FC099D /* GalleryApp_ImageDescription.h */ = {isa = PBXFileReference; lastKnownFileType = sourcecode.c.h; path = GalleryApp_ImageDescription.h; sourceTree = "<group>"; };
		42561EBD2C1DBB140059A333 /* ImageDescriptionView.swift */ = {isa = PBXFileReference; lastKnownFileType = sourcecode.swift; path = ImageDescriptionView.swift; sourceTree = "<group>"; };
		42561EC62C1DBC9E0059A333 /* GalleryApp_Models.framework */ = {isa = PBXFileReference; explicitFileType = wrapper.framework; path = GalleryApp_Models.framework; sourceTree = BUILT_PRODUCTS_DIR; };
		42561ECB2C1DC46C0059A333 /* SUIPageControl.swift */ = {isa = PBXFileReference; lastKnownFileType = sourcecode.swift; path = SUIPageControl.swift; sourceTree = "<group>"; };
		42561ED52C1DD4180059A333 /* ImageDescriptionViewModel.swift */ = {isa = PBXFileReference; lastKnownFileType = sourcecode.swift; path = ImageDescriptionViewModel.swift; sourceTree = "<group>"; };
		42561ED72C1DD4610059A333 /* GalleryApp_Core.framework */ = {isa = PBXFileReference; explicitFileType = wrapper.framework; path = GalleryApp_Core.framework; sourceTree = BUILT_PRODUCTS_DIR; };
		42561EDA2C1DD4F20059A333 /* ImageDescription+Injection.swift */ = {isa = PBXFileReference; lastKnownFileType = sourcecode.swift; path = "ImageDescription+Injection.swift"; sourceTree = "<group>"; };
		42561EDC2C1DD5160059A333 /* ImageDescriptionContainer.swift */ = {isa = PBXFileReference; lastKnownFileType = sourcecode.swift; path = ImageDescriptionContainer.swift; sourceTree = "<group>"; };
		42561EDE2C1DDB030059A333 /* GetImagesUseCase.swift */ = {isa = PBXFileReference; lastKnownFileType = sourcecode.swift; path = GetImagesUseCase.swift; sourceTree = "<group>"; };
		42561EE22C1DDB330059A333 /* ImageDescriptionRepository.swift */ = {isa = PBXFileReference; lastKnownFileType = sourcecode.swift; path = ImageDescriptionRepository.swift; sourceTree = "<group>"; };
		42561EE52C1DDBA40059A333 /* DefaultImageDescriptionRepository.swift */ = {isa = PBXFileReference; lastKnownFileType = sourcecode.swift; path = DefaultImageDescriptionRepository.swift; sourceTree = "<group>"; };
		42561EEF2C1DDC930059A333 /* GetImagesDTOToDomainMapper.swift */ = {isa = PBXFileReference; lastKnownFileType = sourcecode.swift; path = GetImagesDTOToDomainMapper.swift; sourceTree = "<group>"; };
		42561EF12C1DDCBB0059A333 /* ImageDescriptionDataSource.swift */ = {isa = PBXFileReference; lastKnownFileType = sourcecode.swift; path = ImageDescriptionDataSource.swift; sourceTree = "<group>"; };
		42561EF32C1DDCCC0059A333 /* DefaultImageDescriptionDataSource.swift */ = {isa = PBXFileReference; lastKnownFileType = sourcecode.swift; path = DefaultImageDescriptionDataSource.swift; sourceTree = "<group>"; };
		42561EF52C1DDCF90059A333 /* GalleryApp_Network.framework */ = {isa = PBXFileReference; explicitFileType = wrapper.framework; path = GalleryApp_Network.framework; sourceTree = BUILT_PRODUCTS_DIR; };
		42561EFA2C1DDD1C0059A333 /* GetImagesRequest.swift */ = {isa = PBXFileReference; lastKnownFileType = sourcecode.swift; path = GetImagesRequest.swift; sourceTree = "<group>"; };
		42561EFC2C1DDD3A0059A333 /* GetImagesTarget.swift */ = {isa = PBXFileReference; lastKnownFileType = sourcecode.swift; path = GetImagesTarget.swift; sourceTree = "<group>"; };
/* End PBXFileReference section */

/* Begin PBXFrameworksBuildPhase section */
		421163C22C1B136C00FC099D /* Frameworks */ = {
			isa = PBXFrameworksBuildPhase;
			buildActionMask = 2147483647;
			files = (
				42561EC12C1DBB330059A333 /* Kingfisher in Frameworks */,
				42561EC72C1DBC9E0059A333 /* GalleryApp_Models.framework in Frameworks */,
				42561EEB2C1DDC430059A333 /* Moya in Frameworks */,
				42561ED82C1DD4610059A333 /* GalleryApp_Core.framework in Frameworks */,
				42561EE92C1DDC430059A333 /* CombineMoya in Frameworks */,
				42561EC42C1DBB390059A333 /* Factory in Frameworks */,
				42561EF62C1DDCF90059A333 /* GalleryApp_Network.framework in Frameworks */,
			);
			runOnlyForDeploymentPostprocessing = 0;
		};
/* End PBXFrameworksBuildPhase section */

/* Begin PBXGroup section */
		421163BB2C1B136C00FC099D = {
			isa = PBXGroup;
			children = (
				421163C72C1B136C00FC099D /* GalleryApp-ImageDescription */,
				421163C62C1B136C00FC099D /* Products */,
				42561EC52C1DBC9E0059A333 /* Frameworks */,
			);
			sourceTree = "<group>";
		};
		421163C62C1B136C00FC099D /* Products */ = {
			isa = PBXGroup;
			children = (
				421163C52C1B136C00FC099D /* GalleryApp_ImageDescription.framework */,
			);
			name = Products;
			sourceTree = "<group>";
		};
		421163C72C1B136C00FC099D /* GalleryApp-ImageDescription */ = {
			isa = PBXGroup;
			children = (
				421163D42C1B167600FC099D /* Sources */,
				421163D32C1B166C00FC099D /* SupportingFiles */,
			);
			path = "GalleryApp-ImageDescription";
			sourceTree = "<group>";
		};
		421163D32C1B166C00FC099D /* SupportingFiles */ = {
			isa = PBXGroup;
			children = (
				421163C82C1B136C00FC099D /* GalleryApp_ImageDescription.h */,
			);
			path = SupportingFiles;
			sourceTree = "<group>";
		};
		421163D42C1B167600FC099D /* Sources */ = {
			isa = PBXGroup;
			children = (
				42561EB72C1DBAD40059A333 /* Data */,
				42561EB92C1DBAE40059A333 /* Domain */,
				42561EBA2C1DBAEC0059A333 /* DI */,
				42561EB82C1DBADA0059A333 /* Presentation */,
			);
			path = Sources;
			sourceTree = "<group>";
		};
		42561EB72C1DBAD40059A333 /* Data */ = {
			isa = PBXGroup;
			children = (
				42561EEE2C1DDC680059A333 /* DataSource */,
				42561EED2C1DDC630059A333 /* DTO */,
				42561EEC2C1DDC5E0059A333 /* Mapper */,
				42561EE42C1DDB6A0059A333 /* Repository */,
			);
			path = Data;
			sourceTree = "<group>";
		};
		42561EB82C1DBADA0059A333 /* Presentation */ = {
			isa = PBXGroup;
			children = (
				42561EBC2C1DBB040059A333 /* View */,
				42561EBB2C1DBAFC0059A333 /* ViewModel */,
			);
			path = Presentation;
			sourceTree = "<group>";
		};
		42561EB92C1DBAE40059A333 /* Domain */ = {
			isa = PBXGroup;
			children = (
				42561EE12C1DDB220059A333 /* Repository */,
				42561EE02C1DDB1B0059A333 /* UseCase */,
			);
			path = Domain;
			sourceTree = "<group>";
		};
		42561EBA2C1DBAEC0059A333 /* DI */ = {
			isa = PBXGroup;
			children = (
				42561EDA2C1DD4F20059A333 /* ImageDescription+Injection.swift */,
				42561EDC2C1DD5160059A333 /* ImageDescriptionContainer.swift */,
			);
			path = DI;
			sourceTree = "<group>";
		};
		42561EBB2C1DBAFC0059A333 /* ViewModel */ = {
			isa = PBXGroup;
			children = (
				42561ED52C1DD4180059A333 /* ImageDescriptionViewModel.swift */,
			);
			path = ViewModel;
			sourceTree = "<group>";
		};
		42561EBC2C1DBB040059A333 /* View */ = {
			isa = PBXGroup;
			children = (
				42561EBD2C1DBB140059A333 /* ImageDescriptionView.swift */,
				42561ECA2C1DC4550059A333 /* Helper */,
			);
			path = View;
			sourceTree = "<group>";
		};
		42561EC52C1DBC9E0059A333 /* Frameworks */ = {
			isa = PBXGroup;
			children = (
				42561EF52C1DDCF90059A333 /* GalleryApp_Network.framework */,
				42561ED72C1DD4610059A333 /* GalleryApp_Core.framework */,
				42561EC62C1DBC9E0059A333 /* GalleryApp_Models.framework */,
			);
			name = Frameworks;
			sourceTree = "<group>";
		};
		42561ECA2C1DC4550059A333 /* Helper */ = {
			isa = PBXGroup;
			children = (
				42561ECB2C1DC46C0059A333 /* SUIPageControl.swift */,
			);
			path = Helper;
			sourceTree = "<group>";
		};
		42561EE02C1DDB1B0059A333 /* UseCase */ = {
			isa = PBXGroup;
			children = (
				42561EDE2C1DDB030059A333 /* GetImagesUseCase.swift */,
			);
			path = UseCase;
			sourceTree = "<group>";
		};
		42561EE12C1DDB220059A333 /* Repository */ = {
			isa = PBXGroup;
			children = (
				42561EE22C1DDB330059A333 /* ImageDescriptionRepository.swift */,
			);
			path = Repository;
			sourceTree = "<group>";
		};
		42561EE42C1DDB6A0059A333 /* Repository */ = {
			isa = PBXGroup;
			children = (
				42561EE52C1DDBA40059A333 /* DefaultImageDescriptionRepository.swift */,
			);
			path = Repository;
			sourceTree = "<group>";
		};
		42561EEC2C1DDC5E0059A333 /* Mapper */ = {
			isa = PBXGroup;
			children = (
				42561EEF2C1DDC930059A333 /* GetImagesDTOToDomainMapper.swift */,
			);
			path = Mapper;
			sourceTree = "<group>";
		};
		42561EED2C1DDC630059A333 /* DTO */ = {
			isa = PBXGroup;
			children = (
				42561EF92C1DDD050059A333 /* Request */,
				42561EFC2C1DDD3A0059A333 /* GetImagesTarget.swift */,
			);
			path = DTO;
			sourceTree = "<group>";
		};
		42561EEE2C1DDC680059A333 /* DataSource */ = {
			isa = PBXGroup;
			children = (
				42561EF12C1DDCBB0059A333 /* ImageDescriptionDataSource.swift */,
				42561EF32C1DDCCC0059A333 /* DefaultImageDescriptionDataSource.swift */,
			);
			path = DataSource;
			sourceTree = "<group>";
		};
		42561EF92C1DDD050059A333 /* Request */ = {
			isa = PBXGroup;
			children = (
				42561EFA2C1DDD1C0059A333 /* GetImagesRequest.swift */,
			);
			path = Request;
			sourceTree = "<group>";
		};
/* End PBXGroup section */

/* Begin PBXHeadersBuildPhase section */
		421163C02C1B136C00FC099D /* Headers */ = {
			isa = PBXHeadersBuildPhase;
			buildActionMask = 2147483647;
			files = (
				421163C92C1B136C00FC099D /* GalleryApp_ImageDescription.h in Headers */,
			);
			runOnlyForDeploymentPostprocessing = 0;
		};
/* End PBXHeadersBuildPhase section */

/* Begin PBXNativeTarget section */
		421163C42C1B136C00FC099D /* GalleryApp-ImageDescription */ = {
			isa = PBXNativeTarget;
			buildConfigurationList = 421163CC2C1B136C00FC099D /* Build configuration list for PBXNativeTarget "GalleryApp-ImageDescription" */;
			buildPhases = (
				421163C02C1B136C00FC099D /* Headers */,
				421163C12C1B136C00FC099D /* Sources */,
				421163C22C1B136C00FC099D /* Frameworks */,
				421163C32C1B136C00FC099D /* Resources */,
			);
			buildRules = (
			);
			dependencies = (
			);
			name = "GalleryApp-ImageDescription";
			packageProductDependencies = (
				42561EC02C1DBB330059A333 /* Kingfisher */,
				42561EC32C1DBB390059A333 /* Factory */,
				42561EE82C1DDC430059A333 /* CombineMoya */,
				42561EEA2C1DDC430059A333 /* Moya */,
			);
			productName = "GalleryApp-ImageDescription";
			productReference = 421163C52C1B136C00FC099D /* GalleryApp_ImageDescription.framework */;
			productType = "com.apple.product-type.framework";
		};
/* End PBXNativeTarget section */

/* Begin PBXProject section */
		421163BC2C1B136C00FC099D /* Project object */ = {
			isa = PBXProject;
			attributes = {
				BuildIndependentTargetsInParallel = 1;
				LastUpgradeCheck = 1540;
				TargetAttributes = {
					421163C42C1B136C00FC099D = {
						CreatedOnToolsVersion = 15.4;
						LastSwiftMigration = 1540;
					};
				};
			};
			buildConfigurationList = 421163BF2C1B136C00FC099D /* Build configuration list for PBXProject "GalleryApp-ImageDescription" */;
			compatibilityVersion = "Xcode 14.0";
			developmentRegion = en;
			hasScannedForEncodings = 0;
			knownRegions = (
				en,
				Base,
			);
			mainGroup = 421163BB2C1B136C00FC099D;
			packageReferences = (
				42561EBF2C1DBB330059A333 /* XCRemoteSwiftPackageReference "Kingfisher" */,
				42561EC22C1DBB390059A333 /* XCRemoteSwiftPackageReference "Factory" */,
				42561EE72C1DDC430059A333 /* XCRemoteSwiftPackageReference "Moya" */,
			);
			productRefGroup = 421163C62C1B136C00FC099D /* Products */;
			projectDirPath = "";
			projectRoot = "";
			targets = (
				421163C42C1B136C00FC099D /* GalleryApp-ImageDescription */,
			);
		};
/* End PBXProject section */

/* Begin PBXResourcesBuildPhase section */
		421163C32C1B136C00FC099D /* Resources */ = {
			isa = PBXResourcesBuildPhase;
			buildActionMask = 2147483647;
			files = (
			);
			runOnlyForDeploymentPostprocessing = 0;
		};
/* End PBXResourcesBuildPhase section */

/* Begin PBXSourcesBuildPhase section */
		421163C12C1B136C00FC099D /* Sources */ = {
			isa = PBXSourcesBuildPhase;
			buildActionMask = 2147483647;
			files = (
				42561EE32C1DDB330059A333 /* ImageDescriptionRepository.swift in Sources */,
				42561EFD2C1DDD3A0059A333 /* GetImagesTarget.swift in Sources */,
				42561EDF2C1DDB030059A333 /* GetImagesUseCase.swift in Sources */,
				42561EDB2C1DD4F20059A333 /* ImageDescription+Injection.swift in Sources */,
				42561ECC2C1DC46C0059A333 /* SUIPageControl.swift in Sources */,
				42561EF22C1DDCBB0059A333 /* ImageDescriptionDataSource.swift in Sources */,
				42561EDD2C1DD5160059A333 /* ImageDescriptionContainer.swift in Sources */,
				42561ED62C1DD4180059A333 /* ImageDescriptionViewModel.swift in Sources */,
				42561EF02C1DDC930059A333 /* GetImagesDTOToDomainMapper.swift in Sources */,
				42561EFB2C1DDD1C0059A333 /* GetImagesRequest.swift in Sources */,
				42561EF42C1DDCCC0059A333 /* DefaultImageDescriptionDataSource.swift in Sources */,
				42561EE62C1DDBA40059A333 /* DefaultImageDescriptionRepository.swift in Sources */,
				42561EBE2C1DBB140059A333 /* ImageDescriptionView.swift in Sources */,
			);
			runOnlyForDeploymentPostprocessing = 0;
		};
/* End PBXSourcesBuildPhase section */

/* Begin XCBuildConfiguration section */
		421163CA2C1B136C00FC099D /* Debug */ = {
			isa = XCBuildConfiguration;
			buildSettings = {
				ALWAYS_SEARCH_USER_PATHS = NO;
				ASSETCATALOG_COMPILER_GENERATE_SWIFT_ASSET_SYMBOL_EXTENSIONS = YES;
				CLANG_ANALYZER_NONNULL = YES;
				CLANG_ANALYZER_NUMBER_OBJECT_CONVERSION = YES_AGGRESSIVE;
				CLANG_CXX_LANGUAGE_STANDARD = "gnu++20";
				CLANG_ENABLE_MODULES = YES;
				CLANG_ENABLE_OBJC_ARC = YES;
				CLANG_ENABLE_OBJC_WEAK = YES;
				CLANG_WARN_BLOCK_CAPTURE_AUTORELEASING = YES;
				CLANG_WARN_BOOL_CONVERSION = YES;
				CLANG_WARN_COMMA = YES;
				CLANG_WARN_CONSTANT_CONVERSION = YES;
				CLANG_WARN_DEPRECATED_OBJC_IMPLEMENTATIONS = YES;
				CLANG_WARN_DIRECT_OBJC_ISA_USAGE = YES_ERROR;
				CLANG_WARN_DOCUMENTATION_COMMENTS = YES;
				CLANG_WARN_EMPTY_BODY = YES;
				CLANG_WARN_ENUM_CONVERSION = YES;
				CLANG_WARN_INFINITE_RECURSION = YES;
				CLANG_WARN_INT_CONVERSION = YES;
				CLANG_WARN_NON_LITERAL_NULL_CONVERSION = YES;
				CLANG_WARN_OBJC_IMPLICIT_RETAIN_SELF = YES;
				CLANG_WARN_OBJC_LITERAL_CONVERSION = YES;
				CLANG_WARN_OBJC_ROOT_CLASS = YES_ERROR;
				CLANG_WARN_QUOTED_INCLUDE_IN_FRAMEWORK_HEADER = YES;
				CLANG_WARN_RANGE_LOOP_ANALYSIS = YES;
				CLANG_WARN_STRICT_PROTOTYPES = YES;
				CLANG_WARN_SUSPICIOUS_MOVE = YES;
				CLANG_WARN_UNGUARDED_AVAILABILITY = YES_AGGRESSIVE;
				CLANG_WARN_UNREACHABLE_CODE = YES;
				CLANG_WARN__DUPLICATE_METHOD_MATCH = YES;
				COPY_PHASE_STRIP = NO;
				CURRENT_PROJECT_VERSION = 1;
				DEBUG_INFORMATION_FORMAT = dwarf;
				ENABLE_STRICT_OBJC_MSGSEND = YES;
				ENABLE_TESTABILITY = YES;
				ENABLE_USER_SCRIPT_SANDBOXING = YES;
				GCC_C_LANGUAGE_STANDARD = gnu17;
				GCC_DYNAMIC_NO_PIC = NO;
				GCC_NO_COMMON_BLOCKS = YES;
				GCC_OPTIMIZATION_LEVEL = 0;
				GCC_PREPROCESSOR_DEFINITIONS = (
					"DEBUG=1",
					"$(inherited)",
				);
				GCC_WARN_64_TO_32_BIT_CONVERSION = YES;
				GCC_WARN_ABOUT_RETURN_TYPE = YES_ERROR;
				GCC_WARN_UNDECLARED_SELECTOR = YES;
				GCC_WARN_UNINITIALIZED_AUTOS = YES_AGGRESSIVE;
				GCC_WARN_UNUSED_FUNCTION = YES;
				GCC_WARN_UNUSED_VARIABLE = YES;
				IPHONEOS_DEPLOYMENT_TARGET = 15.0;
				LOCALIZATION_PREFERS_STRING_CATALOGS = YES;
				MTL_ENABLE_DEBUG_INFO = INCLUDE_SOURCE;
				MTL_FAST_MATH = YES;
				ONLY_ACTIVE_ARCH = YES;
				SDKROOT = iphoneos;
				SWIFT_ACTIVE_COMPILATION_CONDITIONS = "DEBUG $(inherited)";
				SWIFT_OPTIMIZATION_LEVEL = "-Onone";
				VERSIONING_SYSTEM = "apple-generic";
				VERSION_INFO_PREFIX = "";
			};
			name = Debug;
		};
		421163CB2C1B136C00FC099D /* Release */ = {
			isa = XCBuildConfiguration;
			buildSettings = {
				ALWAYS_SEARCH_USER_PATHS = NO;
				ASSETCATALOG_COMPILER_GENERATE_SWIFT_ASSET_SYMBOL_EXTENSIONS = YES;
				CLANG_ANALYZER_NONNULL = YES;
				CLANG_ANALYZER_NUMBER_OBJECT_CONVERSION = YES_AGGRESSIVE;
				CLANG_CXX_LANGUAGE_STANDARD = "gnu++20";
				CLANG_ENABLE_MODULES = YES;
				CLANG_ENABLE_OBJC_ARC = YES;
				CLANG_ENABLE_OBJC_WEAK = YES;
				CLANG_WARN_BLOCK_CAPTURE_AUTORELEASING = YES;
				CLANG_WARN_BOOL_CONVERSION = YES;
				CLANG_WARN_COMMA = YES;
				CLANG_WARN_CONSTANT_CONVERSION = YES;
				CLANG_WARN_DEPRECATED_OBJC_IMPLEMENTATIONS = YES;
				CLANG_WARN_DIRECT_OBJC_ISA_USAGE = YES_ERROR;
				CLANG_WARN_DOCUMENTATION_COMMENTS = YES;
				CLANG_WARN_EMPTY_BODY = YES;
				CLANG_WARN_ENUM_CONVERSION = YES;
				CLANG_WARN_INFINITE_RECURSION = YES;
				CLANG_WARN_INT_CONVERSION = YES;
				CLANG_WARN_NON_LITERAL_NULL_CONVERSION = YES;
				CLANG_WARN_OBJC_IMPLICIT_RETAIN_SELF = YES;
				CLANG_WARN_OBJC_LITERAL_CONVERSION = YES;
				CLANG_WARN_OBJC_ROOT_CLASS = YES_ERROR;
				CLANG_WARN_QUOTED_INCLUDE_IN_FRAMEWORK_HEADER = YES;
				CLANG_WARN_RANGE_LOOP_ANALYSIS = YES;
				CLANG_WARN_STRICT_PROTOTYPES = YES;
				CLANG_WARN_SUSPICIOUS_MOVE = YES;
				CLANG_WARN_UNGUARDED_AVAILABILITY = YES_AGGRESSIVE;
				CLANG_WARN_UNREACHABLE_CODE = YES;
				CLANG_WARN__DUPLICATE_METHOD_MATCH = YES;
				COPY_PHASE_STRIP = NO;
				CURRENT_PROJECT_VERSION = 1;
				DEBUG_INFORMATION_FORMAT = "dwarf-with-dsym";
				ENABLE_NS_ASSERTIONS = NO;
				ENABLE_STRICT_OBJC_MSGSEND = YES;
				ENABLE_USER_SCRIPT_SANDBOXING = YES;
				GCC_C_LANGUAGE_STANDARD = gnu17;
				GCC_NO_COMMON_BLOCKS = YES;
				GCC_WARN_64_TO_32_BIT_CONVERSION = YES;
				GCC_WARN_ABOUT_RETURN_TYPE = YES_ERROR;
				GCC_WARN_UNDECLARED_SELECTOR = YES;
				GCC_WARN_UNINITIALIZED_AUTOS = YES_AGGRESSIVE;
				GCC_WARN_UNUSED_FUNCTION = YES;
				GCC_WARN_UNUSED_VARIABLE = YES;
				IPHONEOS_DEPLOYMENT_TARGET = 15.0;
				LOCALIZATION_PREFERS_STRING_CATALOGS = YES;
				MTL_ENABLE_DEBUG_INFO = NO;
				MTL_FAST_MATH = YES;
				SDKROOT = iphoneos;
				SWIFT_COMPILATION_MODE = wholemodule;
				VALIDATE_PRODUCT = YES;
				VERSIONING_SYSTEM = "apple-generic";
				VERSION_INFO_PREFIX = "";
			};
			name = Release;
		};
		421163CD2C1B136C00FC099D /* Debug */ = {
			isa = XCBuildConfiguration;
			buildSettings = {
				BUILD_LIBRARY_FOR_DISTRIBUTION = NO;
				CLANG_ENABLE_MODULES = YES;
				CODE_SIGN_STYLE = Automatic;
				CURRENT_PROJECT_VERSION = 1;
				DEFINES_MODULE = YES;
				DYLIB_COMPATIBILITY_VERSION = 1;
				DYLIB_CURRENT_VERSION = 1;
				DYLIB_INSTALL_NAME_BASE = "@rpath";
				ENABLE_MODULE_VERIFIER = YES;
				GENERATE_INFOPLIST_FILE = YES;
				INFOPLIST_KEY_NSHumanReadableCopyright = "";
				INSTALL_PATH = "$(LOCAL_LIBRARY_DIR)/Frameworks";
				IPHONEOS_DEPLOYMENT_TARGET = 15.0;
				LD_RUNPATH_SEARCH_PATHS = (
					"$(inherited)",
					"@executable_path/Frameworks",
					"@loader_path/Frameworks",
				);
				MARKETING_VERSION = 1.0;
				MODULE_VERIFIER_SUPPORTED_LANGUAGES = "objective-c objective-c++";
				MODULE_VERIFIER_SUPPORTED_LANGUAGE_STANDARDS = "gnu17 gnu++20";
				PRODUCT_BUNDLE_IDENTIFIER = "alexander-sivko.GalleryApp-ImageDescription";
				PRODUCT_NAME = "$(TARGET_NAME:c99extidentifier)";
				SKIP_INSTALL = YES;
				SUPPORTED_PLATFORMS = "iphoneos iphonesimulator";
				SUPPORTS_MACCATALYST = NO;
				SUPPORTS_MAC_DESIGNED_FOR_IPHONE_IPAD = NO;
				SUPPORTS_XR_DESIGNED_FOR_IPHONE_IPAD = NO;
				SWIFT_EMIT_LOC_STRINGS = YES;
				SWIFT_INSTALL_OBJC_HEADER = NO;
				SWIFT_OPTIMIZATION_LEVEL = "-Onone";
				SWIFT_VERSION = 5.0;
				TARGETED_DEVICE_FAMILY = "1,2";
			};
			name = Debug;
		};
		421163CE2C1B136C00FC099D /* Release */ = {
			isa = XCBuildConfiguration;
			buildSettings = {
				BUILD_LIBRARY_FOR_DISTRIBUTION = NO;
				CLANG_ENABLE_MODULES = YES;
				CODE_SIGN_STYLE = Automatic;
				CURRENT_PROJECT_VERSION = 1;
				DEFINES_MODULE = YES;
				DYLIB_COMPATIBILITY_VERSION = 1;
				DYLIB_CURRENT_VERSION = 1;
				DYLIB_INSTALL_NAME_BASE = "@rpath";
				ENABLE_MODULE_VERIFIER = YES;
				GENERATE_INFOPLIST_FILE = YES;
				INFOPLIST_KEY_NSHumanReadableCopyright = "";
				INSTALL_PATH = "$(LOCAL_LIBRARY_DIR)/Frameworks";
				IPHONEOS_DEPLOYMENT_TARGET = 15.0;
				LD_RUNPATH_SEARCH_PATHS = (
					"$(inherited)",
					"@executable_path/Frameworks",
					"@loader_path/Frameworks",
				);
				MARKETING_VERSION = 1.0;
				MODULE_VERIFIER_SUPPORTED_LANGUAGES = "objective-c objective-c++";
				MODULE_VERIFIER_SUPPORTED_LANGUAGE_STANDARDS = "gnu17 gnu++20";
				PRODUCT_BUNDLE_IDENTIFIER = "alexander-sivko.GalleryApp-ImageDescription";
				PRODUCT_NAME = "$(TARGET_NAME:c99extidentifier)";
				SKIP_INSTALL = YES;
				SUPPORTED_PLATFORMS = "iphoneos iphonesimulator";
				SUPPORTS_MACCATALYST = NO;
				SUPPORTS_MAC_DESIGNED_FOR_IPHONE_IPAD = NO;
				SUPPORTS_XR_DESIGNED_FOR_IPHONE_IPAD = NO;
				SWIFT_EMIT_LOC_STRINGS = YES;
				SWIFT_INSTALL_OBJC_HEADER = NO;
				SWIFT_VERSION = 5.0;
				TARGETED_DEVICE_FAMILY = "1,2";
			};
			name = Release;
		};
/* End XCBuildConfiguration section */

/* Begin XCConfigurationList section */
		421163BF2C1B136C00FC099D /* Build configuration list for PBXProject "GalleryApp-ImageDescription" */ = {
			isa = XCConfigurationList;
			buildConfigurations = (
				421163CA2C1B136C00FC099D /* Debug */,
				421163CB2C1B136C00FC099D /* Release */,
			);
			defaultConfigurationIsVisible = 0;
			defaultConfigurationName = Release;
		};
		421163CC2C1B136C00FC099D /* Build configuration list for PBXNativeTarget "GalleryApp-ImageDescription" */ = {
			isa = XCConfigurationList;
			buildConfigurations = (
				421163CD2C1B136C00FC099D /* Debug */,
				421163CE2C1B136C00FC099D /* Release */,
			);
			defaultConfigurationIsVisible = 0;
			defaultConfigurationName = Release;
		};
/* End XCConfigurationList section */

/* Begin XCRemoteSwiftPackageReference section */
		42561EBF2C1DBB330059A333 /* XCRemoteSwiftPackageReference "Kingfisher" */ = {
			isa = XCRemoteSwiftPackageReference;
			repositoryURL = "https://github.com/onevcat/Kingfisher";
			requirement = {
				kind = upToNextMajorVersion;
				minimumVersion = 7.12.0;
			};
		};
		42561EC22C1DBB390059A333 /* XCRemoteSwiftPackageReference "Factory" */ = {
			isa = XCRemoteSwiftPackageReference;
			repositoryURL = "https://github.com/hmlongco/Factory";
			requirement = {
				kind = upToNextMajorVersion;
				minimumVersion = 2.3.2;
			};
		};
		42561EE72C1DDC430059A333 /* XCRemoteSwiftPackageReference "Moya" */ = {
			isa = XCRemoteSwiftPackageReference;
			repositoryURL = "https://github.com/Moya/Moya";
			requirement = {
				kind = upToNextMajorVersion;
				minimumVersion = 15.0.3;
			};
		};
/* End XCRemoteSwiftPackageReference section */

/* Begin XCSwiftPackageProductDependency section */
		42561EC02C1DBB330059A333 /* Kingfisher */ = {
			isa = XCSwiftPackageProductDependency;
			package = 42561EBF2C1DBB330059A333 /* XCRemoteSwiftPackageReference "Kingfisher" */;
			productName = Kingfisher;
		};
		42561EC32C1DBB390059A333 /* Factory */ = {
			isa = XCSwiftPackageProductDependency;
			package = 42561EC22C1DBB390059A333 /* XCRemoteSwiftPackageReference "Factory" */;
			productName = Factory;
		};
		42561EE82C1DDC430059A333 /* CombineMoya */ = {
			isa = XCSwiftPackageProductDependency;
			package = 42561EE72C1DDC430059A333 /* XCRemoteSwiftPackageReference "Moya" */;
			productName = CombineMoya;
		};
		42561EEA2C1DDC430059A333 /* Moya */ = {
			isa = XCSwiftPackageProductDependency;
			package = 42561EE72C1DDC430059A333 /* XCRemoteSwiftPackageReference "Moya" */;
			productName = Moya;
		};
/* End XCSwiftPackageProductDependency section */
	};
	rootObject = 421163BC2C1B136C00FC099D /* Project object */;
}
