// !$*UTF8*$!
{
	archiveVersion = 1;
	classes = {
	};
	objectVersion = 56;
	objects = {

/* Begin PBXBuildFile section */
		421134FA2C2160FF0081BDEB /* GalleryApp_Navigation.framework in Frameworks */ = {isa = PBXBuildFile; fileRef = 421134F92C2160FF0081BDEB /* GalleryApp_Navigation.framework */; };
		421135162C2173200081BDEB /* Factory in Frameworks */ = {isa = PBXBuildFile; productRef = 421135152C2173200081BDEB /* Factory */; };
		42561F4C2C1DE1C50059A333 /* GalleryApp_Features.framework in Frameworks */ = {isa = PBXBuildFile; fileRef = 42561F4B2C1DE1C50059A333 /* GalleryApp_Features.framework */; };
		42F2FBFE2C1AFE1C00A18502 /* AppDelegate.swift in Sources */ = {isa = PBXBuildFile; fileRef = 42F2FBFD2C1AFE1C00A18502 /* AppDelegate.swift */; };
		42F2FC002C1AFE1C00A18502 /* SceneDelegate.swift in Sources */ = {isa = PBXBuildFile; fileRef = 42F2FBFF2C1AFE1C00A18502 /* SceneDelegate.swift */; };
		42F2FC0A2C1AFE1D00A18502 /* Base in Resources */ = {isa = PBXBuildFile; fileRef = 42F2FC092C1AFE1D00A18502 /* Base */; };
/* End PBXBuildFile section */

/* Begin PBXFileReference section */
		421134F92C2160FF0081BDEB /* GalleryApp_Navigation.framework */ = {isa = PBXFileReference; explicitFileType = wrapper.framework; path = GalleryApp_Navigation.framework; sourceTree = BUILT_PRODUCTS_DIR; };
		423B5C862C1C3E27006FD859 /* GalleryApp_ImagesList.framework */ = {isa = PBXFileReference; explicitFileType = wrapper.framework; path = GalleryApp_ImagesList.framework; sourceTree = BUILT_PRODUCTS_DIR; };
		423B5C8A2C1C3E39006FD859 /* GalleryApp_ImagesList.framework */ = {isa = PBXFileReference; explicitFileType = wrapper.framework; path = GalleryApp_ImagesList.framework; sourceTree = BUILT_PRODUCTS_DIR; };
		42561ECD2C1DC7680059A333 /* GalleryApp_ImageDescription.framework */ = {isa = PBXFileReference; explicitFileType = wrapper.framework; path = GalleryApp_ImageDescription.framework; sourceTree = BUILT_PRODUCTS_DIR; };
		42561ED12C1DC8C60059A333 /* GalleryApp_Models.framework */ = {isa = PBXFileReference; explicitFileType = wrapper.framework; path = GalleryApp_Models.framework; sourceTree = BUILT_PRODUCTS_DIR; };
		42561F4B2C1DE1C50059A333 /* GalleryApp_Features.framework */ = {isa = PBXFileReference; explicitFileType = wrapper.framework; path = GalleryApp_Features.framework; sourceTree = BUILT_PRODUCTS_DIR; };
		42F2FBFA2C1AFE1C00A18502 /* GalleryApp.app */ = {isa = PBXFileReference; explicitFileType = wrapper.application; includeInIndex = 0; path = GalleryApp.app; sourceTree = BUILT_PRODUCTS_DIR; };
		42F2FBFD2C1AFE1C00A18502 /* AppDelegate.swift */ = {isa = PBXFileReference; lastKnownFileType = sourcecode.swift; path = AppDelegate.swift; sourceTree = "<group>"; };
		42F2FBFF2C1AFE1C00A18502 /* SceneDelegate.swift */ = {isa = PBXFileReference; lastKnownFileType = sourcecode.swift; path = SceneDelegate.swift; sourceTree = "<group>"; };
		42F2FC092C1AFE1D00A18502 /* Base */ = {isa = PBXFileReference; lastKnownFileType = file.storyboard; name = Base; path = Base.lproj/LaunchScreen.storyboard; sourceTree = "<group>"; };
		42F2FC0B2C1AFE1D00A18502 /* Info.plist */ = {isa = PBXFileReference; lastKnownFileType = text.plist.xml; path = Info.plist; sourceTree = "<group>"; };
/* End PBXFileReference section */

/* Begin PBXFrameworksBuildPhase section */
		42F2FBF72C1AFE1C00A18502 /* Frameworks */ = {
			isa = PBXFrameworksBuildPhase;
			buildActionMask = 2147483647;
			files = (
				421135162C2173200081BDEB /* Factory in Frameworks */,
				42561F4C2C1DE1C50059A333 /* GalleryApp_Features.framework in Frameworks */,
				421134FA2C2160FF0081BDEB /* GalleryApp_Navigation.framework in Frameworks */,
			);
			runOnlyForDeploymentPostprocessing = 0;
		};
/* End PBXFrameworksBuildPhase section */

/* Begin PBXGroup section */
		421163D02C1B154C00FC099D /* Resources */ = {
			isa = PBXGroup;
			children = (
				42F2FC082C1AFE1D00A18502 /* LaunchScreen.storyboard */,
			);
			path = Resources;
			sourceTree = "<group>";
		};
		421163D12C1B156200FC099D /* Application */ = {
			isa = PBXGroup;
			children = (
				42F2FBFD2C1AFE1C00A18502 /* AppDelegate.swift */,
				42F2FBFF2C1AFE1C00A18502 /* SceneDelegate.swift */,
			);
			path = Application;
			sourceTree = "<group>";
		};
		421163D22C1B157300FC099D /* SupportingFiles */ = {
			isa = PBXGroup;
			children = (
				42F2FC0B2C1AFE1D00A18502 /* Info.plist */,
			);
			path = SupportingFiles;
			sourceTree = "<group>";
		};
		423B5C852C1C3E27006FD859 /* Frameworks */ = {
			isa = PBXGroup;
			children = (
				421134F92C2160FF0081BDEB /* GalleryApp_Navigation.framework */,
				42561F4B2C1DE1C50059A333 /* GalleryApp_Features.framework */,
				42561ED12C1DC8C60059A333 /* GalleryApp_Models.framework */,
				42561ECD2C1DC7680059A333 /* GalleryApp_ImageDescription.framework */,
				423B5C8A2C1C3E39006FD859 /* GalleryApp_ImagesList.framework */,
				423B5C862C1C3E27006FD859 /* GalleryApp_ImagesList.framework */,
			);
			name = Frameworks;
			sourceTree = "<group>";
		};
		42F2FBF12C1AFE1C00A18502 = {
			isa = PBXGroup;
			children = (
				42F2FBFC2C1AFE1C00A18502 /* GalleryApp */,
				42F2FBFB2C1AFE1C00A18502 /* Products */,
				423B5C852C1C3E27006FD859 /* Frameworks */,
			);
			sourceTree = "<group>";
		};
		42F2FBFB2C1AFE1C00A18502 /* Products */ = {
			isa = PBXGroup;
			children = (
				42F2FBFA2C1AFE1C00A18502 /* GalleryApp.app */,
			);
			name = Products;
			sourceTree = "<group>";
		};
		42F2FBFC2C1AFE1C00A18502 /* GalleryApp */ = {
			isa = PBXGroup;
			children = (
				421163D12C1B156200FC099D /* Application */,
				421163D02C1B154C00FC099D /* Resources */,
				421163D22C1B157300FC099D /* SupportingFiles */,
			);
			path = GalleryApp;
			sourceTree = "<group>";
		};
/* End PBXGroup section */

/* Begin PBXNativeTarget section */
		42F2FBF92C1AFE1C00A18502 /* GalleryApp */ = {
			isa = PBXNativeTarget;
			buildConfigurationList = 42F2FC0E2C1AFE1D00A18502 /* Build configuration list for PBXNativeTarget "GalleryApp" */;
			buildPhases = (
				42F2FBF62C1AFE1C00A18502 /* Sources */,
				42F2FBF72C1AFE1C00A18502 /* Frameworks */,
				42F2FBF82C1AFE1C00A18502 /* Resources */,
			);
			buildRules = (
			);
			dependencies = (
			);
			name = GalleryApp;
			packageProductDependencies = (
				421135152C2173200081BDEB /* Factory */,
			);
			productName = GalleryApp;
			productReference = 42F2FBFA2C1AFE1C00A18502 /* GalleryApp.app */;
			productType = "com.apple.product-type.application";
		};
/* End PBXNativeTarget section */

/* Begin PBXProject section */
		42F2FBF22C1AFE1C00A18502 /* Project object */ = {
			isa = PBXProject;
			attributes = {
				BuildIndependentTargetsInParallel = 1;
				LastSwiftUpdateCheck = 1540;
				LastUpgradeCheck = 1540;
				TargetAttributes = {
					42F2FBF92C1AFE1C00A18502 = {
						CreatedOnToolsVersion = 15.4;
					};
				};
			};
			buildConfigurationList = 42F2FBF52C1AFE1C00A18502 /* Build configuration list for PBXProject "GalleryApp" */;
			compatibilityVersion = "Xcode 14.0";
			developmentRegion = en;
			hasScannedForEncodings = 0;
			knownRegions = (
				en,
				Base,
			);
			mainGroup = 42F2FBF12C1AFE1C00A18502;
			packageReferences = (
				421135142C2173200081BDEB /* XCRemoteSwiftPackageReference "Factory" */,
			);
			productRefGroup = 42F2FBFB2C1AFE1C00A18502 /* Products */;
			projectDirPath = "";
			projectRoot = "";
			targets = (
				42F2FBF92C1AFE1C00A18502 /* GalleryApp */,
			);
		};
/* End PBXProject section */

/* Begin PBXResourcesBuildPhase section */
		42F2FBF82C1AFE1C00A18502 /* Resources */ = {
			isa = PBXResourcesBuildPhase;
			buildActionMask = 2147483647;
			files = (
				42F2FC0A2C1AFE1D00A18502 /* Base in Resources */,
			);
			runOnlyForDeploymentPostprocessing = 0;
		};
/* End PBXResourcesBuildPhase section */

/* Begin PBXSourcesBuildPhase section */
		42F2FBF62C1AFE1C00A18502 /* Sources */ = {
			isa = PBXSourcesBuildPhase;
			buildActionMask = 2147483647;
			files = (
				42F2FBFE2C1AFE1C00A18502 /* AppDelegate.swift in Sources */,
				42F2FC002C1AFE1C00A18502 /* SceneDelegate.swift in Sources */,
			);
			runOnlyForDeploymentPostprocessing = 0;
		};
/* End PBXSourcesBuildPhase section */

/* Begin PBXVariantGroup section */
		42F2FC082C1AFE1D00A18502 /* LaunchScreen.storyboard */ = {
			isa = PBXVariantGroup;
			children = (
				42F2FC092C1AFE1D00A18502 /* Base */,
			);
			name = LaunchScreen.storyboard;
			sourceTree = "<group>";
		};
/* End PBXVariantGroup section */

/* Begin XCBuildConfiguration section */
		42F2FC0C2C1AFE1D00A18502 /* Debug */ = {
			isa = XCBuildConfiguration;
			buildSettings = {
				ALWAYS_SEARCH_USER_PATHS = NO;
				ASSETCATALOG_COMPILER_GENERATE_SWIFT_ASSET_SYMBOL_EXTENSIONS = YES;
				CLANG_ANALYZER_NONNULL = YES;
				CLANG_ANALYZER_NUMBER_OBJECT_CONVERSION = YES_AGGRESSIVE;
				CLANG_CXX_LANGUAGE_STANDARD = "gnu++20";
				CLANG_ENABLE_MODULES = YES;
				CLANG_ENABLE_OBJC_ARC = YES;
				CLANG_ENABLE_OBJC_WEAK = YES;
				CLANG_WARN_BLOCK_CAPTURE_AUTORELEASING = YES;
				CLANG_WARN_BOOL_CONVERSION = YES;
				CLANG_WARN_COMMA = YES;
				CLANG_WARN_CONSTANT_CONVERSION = YES;
				CLANG_WARN_DEPRECATED_OBJC_IMPLEMENTATIONS = YES;
				CLANG_WARN_DIRECT_OBJC_ISA_USAGE = YES_ERROR;
				CLANG_WARN_DOCUMENTATION_COMMENTS = YES;
				CLANG_WARN_EMPTY_BODY = YES;
				CLANG_WARN_ENUM_CONVERSION = YES;
				CLANG_WARN_INFINITE_RECURSION = YES;
				CLANG_WARN_INT_CONVERSION = YES;
				CLANG_WARN_NON_LITERAL_NULL_CONVERSION = YES;
				CLANG_WARN_OBJC_IMPLICIT_RETAIN_SELF = YES;
				CLANG_WARN_OBJC_LITERAL_CONVERSION = YES;
				CLANG_WARN_OBJC_ROOT_CLASS = YES_ERROR;
				CLANG_WARN_QUOTED_INCLUDE_IN_FRAMEWORK_HEADER = YES;
				CLANG_WARN_RANGE_LOOP_ANALYSIS = YES;
				CLANG_WARN_STRICT_PROTOTYPES = YES;
				CLANG_WARN_SUSPICIOUS_MOVE = YES;
				CLANG_WARN_UNGUARDED_AVAILABILITY = YES_AGGRESSIVE;
				CLANG_WARN_UNREACHABLE_CODE = YES;
				CLANG_WARN__DUPLICATE_METHOD_MATCH = YES;
				COPY_PHASE_STRIP = NO;
				DEBUG_INFORMATION_FORMAT = dwarf;
				ENABLE_STRICT_OBJC_MSGSEND = YES;
				ENABLE_TESTABILITY = YES;
				ENABLE_USER_SCRIPT_SANDBOXING = YES;
				GCC_C_LANGUAGE_STANDARD = gnu17;
				GCC_DYNAMIC_NO_PIC = NO;
				GCC_NO_COMMON_BLOCKS = YES;
				GCC_OPTIMIZATION_LEVEL = 0;
				GCC_PREPROCESSOR_DEFINITIONS = (
					"DEBUG=1",
					"$(inherited)",
				);
				GCC_WARN_64_TO_32_BIT_CONVERSION = YES;
				GCC_WARN_ABOUT_RETURN_TYPE = YES_ERROR;
				GCC_WARN_UNDECLARED_SELECTOR = YES;
				GCC_WARN_UNINITIALIZED_AUTOS = YES_AGGRESSIVE;
				GCC_WARN_UNUSED_FUNCTION = YES;
				GCC_WARN_UNUSED_VARIABLE = YES;
				IPHONEOS_DEPLOYMENT_TARGET = 15.0;
				LOCALIZATION_PREFERS_STRING_CATALOGS = YES;
				MTL_ENABLE_DEBUG_INFO = INCLUDE_SOURCE;
				MTL_FAST_MATH = YES;
				ONLY_ACTIVE_ARCH = YES;
				SDKROOT = iphoneos;
				SWIFT_ACTIVE_COMPILATION_CONDITIONS = "DEBUG $(inherited)";
				SWIFT_OPTIMIZATION_LEVEL = "-Onone";
			};
			name = Debug;
		};
		42F2FC0D2C1AFE1D00A18502 /* Release */ = {
			isa = XCBuildConfiguration;
			buildSettings = {
				ALWAYS_SEARCH_USER_PATHS = NO;
				ASSETCATALOG_COMPILER_GENERATE_SWIFT_ASSET_SYMBOL_EXTENSIONS = YES;
				CLANG_ANALYZER_NONNULL = YES;
				CLANG_ANALYZER_NUMBER_OBJECT_CONVERSION = YES_AGGRESSIVE;
				CLANG_CXX_LANGUAGE_STANDARD = "gnu++20";
				CLANG_ENABLE_MODULES = YES;
				CLANG_ENABLE_OBJC_ARC = YES;
				CLANG_ENABLE_OBJC_WEAK = YES;
				CLANG_WARN_BLOCK_CAPTURE_AUTORELEASING = YES;
				CLANG_WARN_BOOL_CONVERSION = YES;
				CLANG_WARN_COMMA = YES;
				CLANG_WARN_CONSTANT_CONVERSION = YES;
				CLANG_WARN_DEPRECATED_OBJC_IMPLEMENTATIONS = YES;
				CLANG_WARN_DIRECT_OBJC_ISA_USAGE = YES_ERROR;
				CLANG_WARN_DOCUMENTATION_COMMENTS = YES;
				CLANG_WARN_EMPTY_BODY = YES;
				CLANG_WARN_ENUM_CONVERSION = YES;
				CLANG_WARN_INFINITE_RECURSION = YES;
				CLANG_WARN_INT_CONVERSION = YES;
				CLANG_WARN_NON_LITERAL_NULL_CONVERSION = YES;
				CLANG_WARN_OBJC_IMPLICIT_RETAIN_SELF = YES;
				CLANG_WARN_OBJC_LITERAL_CONVERSION = YES;
				CLANG_WARN_OBJC_ROOT_CLASS = YES_ERROR;
				CLANG_WARN_QUOTED_INCLUDE_IN_FRAMEWORK_HEADER = YES;
				CLANG_WARN_RANGE_LOOP_ANALYSIS = YES;
				CLANG_WARN_STRICT_PROTOTYPES = YES;
				CLANG_WARN_SUSPICIOUS_MOVE = YES;
				CLANG_WARN_UNGUARDED_AVAILABILITY = YES_AGGRESSIVE;
				CLANG_WARN_UNREACHABLE_CODE = YES;
				CLANG_WARN__DUPLICATE_METHOD_MATCH = YES;
				COPY_PHASE_STRIP = NO;
				DEBUG_INFORMATION_FORMAT = "dwarf-with-dsym";
				ENABLE_NS_ASSERTIONS = NO;
				ENABLE_STRICT_OBJC_MSGSEND = YES;
				ENABLE_USER_SCRIPT_SANDBOXING = YES;
				GCC_C_LANGUAGE_STANDARD = gnu17;
				GCC_NO_COMMON_BLOCKS = YES;
				GCC_WARN_64_TO_32_BIT_CONVERSION = YES;
				GCC_WARN_ABOUT_RETURN_TYPE = YES_ERROR;
				GCC_WARN_UNDECLARED_SELECTOR = YES;
				GCC_WARN_UNINITIALIZED_AUTOS = YES_AGGRESSIVE;
				GCC_WARN_UNUSED_FUNCTION = YES;
				GCC_WARN_UNUSED_VARIABLE = YES;
				IPHONEOS_DEPLOYMENT_TARGET = 15.0;
				LOCALIZATION_PREFERS_STRING_CATALOGS = YES;
				MTL_ENABLE_DEBUG_INFO = NO;
				MTL_FAST_MATH = YES;
				SDKROOT = iphoneos;
				SWIFT_COMPILATION_MODE = wholemodule;
				VALIDATE_PRODUCT = YES;
			};
			name = Release;
		};
		42F2FC0F2C1AFE1D00A18502 /* Debug */ = {
			isa = XCBuildConfiguration;
			buildSettings = {
				ASSETCATALOG_COMPILER_APPICON_NAME = AppIcon;
				ASSETCATALOG_COMPILER_GLOBAL_ACCENT_COLOR_NAME = AccentColor;
				CODE_SIGN_STYLE = Automatic;
				CURRENT_PROJECT_VERSION = 1;
				DEVELOPMENT_TEAM = 5C3RTUTT2M;
				GENERATE_INFOPLIST_FILE = YES;
				INFOPLIST_FILE = GalleryApp/SupportingFiles/Info.plist;
				INFOPLIST_KEY_UIApplicationSupportsIndirectInputEvents = YES;
				INFOPLIST_KEY_UILaunchStoryboardName = LaunchScreen;
				INFOPLIST_KEY_UISupportedInterfaceOrientations_iPad = "UIInterfaceOrientationPortrait UIInterfaceOrientationPortraitUpsideDown UIInterfaceOrientationLandscapeLeft UIInterfaceOrientationLandscapeRight";
				INFOPLIST_KEY_UISupportedInterfaceOrientations_iPhone = "UIInterfaceOrientationPortrait UIInterfaceOrientationLandscapeLeft UIInterfaceOrientationLandscapeRight";
				IPHONEOS_DEPLOYMENT_TARGET = 15.0;
				LD_RUNPATH_SEARCH_PATHS = (
					"$(inherited)",
					"@executable_path/Frameworks",
				);
				MARKETING_VERSION = 1.0;
				PRODUCT_BUNDLE_IDENTIFIER = "alexander-sivko.GalleryApp";
				PRODUCT_NAME = "$(TARGET_NAME)";
				SUPPORTED_PLATFORMS = "iphoneos iphonesimulator";
				SUPPORTS_MACCATALYST = NO;
				SUPPORTS_MAC_DESIGNED_FOR_IPHONE_IPAD = NO;
				SUPPORTS_XR_DESIGNED_FOR_IPHONE_IPAD = NO;
				SWIFT_EMIT_LOC_STRINGS = YES;
				SWIFT_VERSION = 5.0;
				TARGETED_DEVICE_FAMILY = "1,2";
			};
			name = Debug;
		};
		42F2FC102C1AFE1D00A18502 /* Release */ = {
			isa = XCBuildConfiguration;
			buildSettings = {
				ASSETCATALOG_COMPILER_APPICON_NAME = AppIcon;
				ASSETCATALOG_COMPILER_GLOBAL_ACCENT_COLOR_NAME = AccentColor;
				CODE_SIGN_STYLE = Automatic;
				CURRENT_PROJECT_VERSION = 1;
				DEVELOPMENT_TEAM = 5C3RTUTT2M;
				GENERATE_INFOPLIST_FILE = YES;
				INFOPLIST_FILE = GalleryApp/SupportingFiles/Info.plist;
				INFOPLIST_KEY_UIApplicationSupportsIndirectInputEvents = YES;
				INFOPLIST_KEY_UILaunchStoryboardName = LaunchScreen;
				INFOPLIST_KEY_UISupportedInterfaceOrientations_iPad = "UIInterfaceOrientationPortrait UIInterfaceOrientationPortraitUpsideDown UIInterfaceOrientationLandscapeLeft UIInterfaceOrientationLandscapeRight";
				INFOPLIST_KEY_UISupportedInterfaceOrientations_iPhone = "UIInterfaceOrientationPortrait UIInterfaceOrientationLandscapeLeft UIInterfaceOrientationLandscapeRight";
				IPHONEOS_DEPLOYMENT_TARGET = 15.0;
				LD_RUNPATH_SEARCH_PATHS = (
					"$(inherited)",
					"@executable_path/Frameworks",
				);
				MARKETING_VERSION = 1.0;
				PRODUCT_BUNDLE_IDENTIFIER = "alexander-sivko.GalleryApp";
				PRODUCT_NAME = "$(TARGET_NAME)";
				SUPPORTED_PLATFORMS = "iphoneos iphonesimulator";
				SUPPORTS_MACCATALYST = NO;
				SUPPORTS_MAC_DESIGNED_FOR_IPHONE_IPAD = NO;
				SUPPORTS_XR_DESIGNED_FOR_IPHONE_IPAD = NO;
				SWIFT_EMIT_LOC_STRINGS = YES;
				SWIFT_VERSION = 5.0;
				TARGETED_DEVICE_FAMILY = "1,2";
			};
			name = Release;
		};
/* End XCBuildConfiguration section */

/* Begin XCConfigurationList section */
		42F2FBF52C1AFE1C00A18502 /* Build configuration list for PBXProject "GalleryApp" */ = {
			isa = XCConfigurationList;
			buildConfigurations = (
				42F2FC0C2C1AFE1D00A18502 /* Debug */,
				42F2FC0D2C1AFE1D00A18502 /* Release */,
			);
			defaultConfigurationIsVisible = 0;
			defaultConfigurationName = Release;
		};
		42F2FC0E2C1AFE1D00A18502 /* Build configuration list for PBXNativeTarget "GalleryApp" */ = {
			isa = XCConfigurationList;
			buildConfigurations = (
				42F2FC0F2C1AFE1D00A18502 /* Debug */,
				42F2FC102C1AFE1D00A18502 /* Release */,
			);
			defaultConfigurationIsVisible = 0;
			defaultConfigurationName = Release;
		};
/* End XCConfigurationList section */

/* Begin XCRemoteSwiftPackageReference section */
		421135142C2173200081BDEB /* XCRemoteSwiftPackageReference "Factory" */ = {
			isa = XCRemoteSwiftPackageReference;
			repositoryURL = "https://github.com/hmlongco/Factory";
			requirement = {
				kind = upToNextMajorVersion;
				minimumVersion = 2.3.2;
			};
		};
/* End XCRemoteSwiftPackageReference section */

/* Begin XCSwiftPackageProductDependency section */
		421135152C2173200081BDEB /* Factory */ = {
			isa = XCSwiftPackageProductDependency;
			package = 421135142C2173200081BDEB /* XCRemoteSwiftPackageReference "Factory" */;
			productName = Factory;
		};
/* End XCSwiftPackageProductDependency section */
	};
	rootObject = 42F2FBF22C1AFE1C00A18502 /* Project object */;
}
